Microsoft Visual Studio Solution File, Format Version 12.00
# Visual Studio 15
VisualStudioVersion = 15.0.27130.2027
MinimumVisualStudioVersion = 10.0.40219.1
Project("{2150E333-8FDC-42A3-9474-1A3956D46DE8}") = "Documentation", "Documentation", "{057E8ADA-B3F6-4C31-8E37-82107D516621}"
	ProjectSection(SolutionItems) = preProject
		Documentation\Escape Sequences.md = Documentation\Escape Sequences.md
		Documentation\Grammar.md = Documentation\Grammar.md
		Documentation\Operators.md = Documentation\Operators.md
		Documentation\Semantics.md = Documentation\Semantics.md
	EndProjectSection
EndProject
Project("{2150E333-8FDC-42A3-9474-1A3956D46DE8}") = "Sources", "Sources", "{96BA2189-31EE-4432-8476-B2EED2A4A000}"
	ProjectSection(SolutionItems) = preProject
		Sources\CompilerTest.psi = Sources\CompilerTest.psi
		Sources\Fibonacci.psi = Sources\Fibonacci.psi
		Sources\Hello World.psi = Sources\Hello World.psi
	EndProjectSection
EndProject
Project("{2150E333-8FDC-42A3-9474-1A3956D46DE8}") = "Tools", "Tools", "{8CB20006-FBED-4F17-B6DF-C9DCECC961B0}"
EndProject
Project("{2150E333-8FDC-42A3-9474-1A3956D46DE8}") = "Prototypes", "Prototypes", "{9E65A34C-0315-4959-9684-32DB7E4A50EB}"
EndProject
Project("{2150E333-8FDC-42A3-9474-1A3956D46DE8}") = "Solution Items", "Solution Items", "{ACE3981D-09D0-4FF9-A980-D94360FF259F}"
	ProjectSection(SolutionItems) = preProject
		TODO.md = TODO.md
	EndProjectSection
EndProject
Project("{9A19103F-16F7-4668-BE54-9A1E7A4F7556}") = "psicc", "psicc\psicc.csproj", "{D864BE49-EC59-4F5C-828B-8B7D3CBE61D8}"
EndProject
Project("{9A19103F-16F7-4668-BE54-9A1E7A4F7556}") = "CompilerKit", "..\CompilerKit\CompilerKit.csproj", "{5F129480-A66D-4914-9294-9CB3F9E63EA1}"
EndProject
Global
	GlobalSection(SolutionConfigurationPlatforms) = preSolution
		Debug|Any CPU = Debug|Any CPU
		Debug|x86 = Debug|x86
		Release|Any CPU = Release|Any CPU
		Release|x86 = Release|x86
	EndGlobalSection
	GlobalSection(ProjectConfigurationPlatforms) = postSolution
		{D864BE49-EC59-4F5C-828B-8B7D3CBE61D8}.Debug|Any CPU.ActiveCfg = Debug|Any CPU
		{D864BE49-EC59-4F5C-828B-8B7D3CBE61D8}.Debug|Any CPU.Build.0 = Debug|Any CPU
		{D864BE49-EC59-4F5C-828B-8B7D3CBE61D8}.Debug|x86.ActiveCfg = Debug|Any CPU
		{D864BE49-EC59-4F5C-828B-8B7D3CBE61D8}.Debug|x86.Build.0 = Debug|Any CPU
		{D864BE49-EC59-4F5C-828B-8B7D3CBE61D8}.Release|Any CPU.ActiveCfg = Release|Any CPU
		{D864BE49-EC59-4F5C-828B-8B7D3CBE61D8}.Release|Any CPU.Build.0 = Release|Any CPU
		{D864BE49-EC59-4F5C-828B-8B7D3CBE61D8}.Release|x86.ActiveCfg = Release|Any CPU
		{D864BE49-EC59-4F5C-828B-8B7D3CBE61D8}.Release|x86.Build.0 = Release|Any CPU
		{5F129480-A66D-4914-9294-9CB3F9E63EA1}.Debug|Any CPU.ActiveCfg = Debug|Any CPU
		{5F129480-A66D-4914-9294-9CB3F9E63EA1}.Debug|Any CPU.Build.0 = Debug|Any CPU
		{5F129480-A66D-4914-9294-9CB3F9E63EA1}.Debug|x86.ActiveCfg = Debug|Any CPU
		{5F129480-A66D-4914-9294-9CB3F9E63EA1}.Debug|x86.Build.0 = Debug|Any CPU
		{5F129480-A66D-4914-9294-9CB3F9E63EA1}.Release|Any CPU.ActiveCfg = Release|Any CPU
		{5F129480-A66D-4914-9294-9CB3F9E63EA1}.Release|Any CPU.Build.0 = Release|Any CPU
		{5F129480-A66D-4914-9294-9CB3F9E63EA1}.Release|x86.ActiveCfg = Release|Any CPU
		{5F129480-A66D-4914-9294-9CB3F9E63EA1}.Release|x86.Build.0 = Release|Any CPU
	EndGlobalSection
	GlobalSection(SolutionProperties) = preSolution
		HideSolutionNode = FALSE
	EndGlobalSection
	GlobalSection(ExtensibilityGlobals) = postSolution
		SolutionGuid = {0A91298F-EE7D-40EF-9329-F6D6245D9346}
	EndGlobalSection
EndGlobal
